
Microsoft Visual Studio Solution File, Format Version 12.00
# Visual Studio Version 16
VisualStudioVersion = 16.0.30011.22
MinimumVisualStudioVersion = 10.0.40219.1
Project("{FAE04EC0-301F-11D3-BF4B-00C04F79EFBC}") = "WpfApp27", "WpfApp27\WpfApp27.csproj", "{ACB70FC1-4520-41BF-873B-267AC3A9E7FC}"
EndProject
Global
	GlobalSection(SolutionConfigurationPlatforms) = preSolution
		Debug|Any CPU = Debug|Any CPU
		Release|Any CPU = Release|Any CPU
	EndGlobalSection
	GlobalSection(ProjectConfigurationPlatforms) = postSolution
		{ACB70FC1-4520-41BF-873B-267AC3A9E7FC}.Debug|Any CPU.ActiveCfg = Debug|Any CPU
		{ACB70FC1-4520-41BF-873B-267AC3A9E7FC}.Debug|Any CPU.Build.0 = Debug|Any CPU
		{ACB70FC1-4520-41BF-873B-267AC3A9E7FC}.Release|Any CPU.ActiveCfg = Release|Any CPU
		{ACB70FC1-4520-41BF-873B-267AC3A9E7FC}.Release|Any CPU.Build.0 = Release|Any CPU
	EndGlobalSection
	GlobalSection(SolutionProperties) = preSolution
		HideSolutionNode = FALSE
	EndGlobalSection
	GlobalSection(ExtensibilityGlobals) = postSolution
		SolutionGuid = {DD464558-F061-4857-B9DF-865996F874D8}
	EndGlobalSection
EndGlobal
